<?xml version="1.0" encoding="utf-8"?>
<Project ToolsVersion="4.0" xmlns="http://schemas.microsoft.com/developer/msbuild/2003">
  <ItemGroup>
    <ClCompile Include="GameLib\debug.cpp" />
    <ClCompile Include="GameLib\depth_stencil.cpp" />
    <ClCompile Include="GameLib\dxtk_audio.cpp" />
    <ClCompile Include="GameLib\font.cpp" />
    <ClCompile Include="GameLib\frame_rate.cpp" />
    <ClCompile Include="GameLib\game_lib.cpp" />
    <ClCompile Include="GameLib\input_manager.cpp" />
    <ClCompile Include="GameLib\obj2d_data.cpp" />
    <ClCompile Include="GameLib\primitive.cpp" />
    <ClCompile Include="GameLib\resource_manager.cpp" />
    <ClCompile Include="GameLib\sprite.cpp" />
    <ClCompile Include="GameLib\texture.cpp" />
    <ClCompile Include="GameLib\vector.cpp" />
    <ClCompile Include="GameLib\view_settings.cpp" />
    <ClCompile Include="GameLib\wnd_proc.cpp" />
    <ClCompile Include="SourceCode\audio.cpp" />
    <ClCompile Include="SourceCode\avalanche.cpp" />
    <ClCompile Include="SourceCode\common.cpp" />
    <ClCompile Include="SourceCode\enemy.cpp" />
    <ClCompile Include="SourceCode\flag.cpp" />
    <ClCompile Include="SourceCode\judge.cpp" />
    <ClCompile Include="SourceCode\main.cpp" />
    <ClCompile Include="SourceCode\OBJ2D.cpp" />
    <ClCompile Include="SourceCode\obstacle.cpp" />
    <ClCompile Include="SourceCode\player.cpp" />
    <ClCompile Include="SourceCode\scene_game.cpp" />
    <ClCompile Include="SourceCode\scene_game_E.cpp" />
    <ClCompile Include="SourceCode\scene_result.cpp" />
    <ClCompile Include="SourceCode\scene_title.cpp" />
    <ClCompile Include="SourceCode\senntaku.cpp" />
    <ClCompile Include="SourceCode\scene_game_N.cpp" />
    <ClCompile Include="SourceCode\scene_game_T.cpp" />
  </ItemGroup>
  <ItemGroup>
    <ClInclude Include="GameLib\blender.h" />
    <ClInclude Include="GameLib\debug.h" />
    <ClInclude Include="GameLib\depth_stencil.h" />
    <ClInclude Include="GameLib\dxtk_audio.h" />
    <ClInclude Include="GameLib\font.h" />
    <ClInclude Include="GameLib\frame_rate.h" />
    <ClInclude Include="GameLib\game_lib.h" />
    <ClInclude Include="GameLib\high_resolution_timer.h" />
    <ClInclude Include="GameLib\input_manager.h" />
    <ClInclude Include="GameLib\misc.h" />
    <ClInclude Include="GameLib\obj2d_data.h" />
    <ClInclude Include="GameLib\primitive.h" />
    <ClInclude Include="GameLib\resource_manager.h" />
    <ClInclude Include="GameLib\sprite.h" />
    <ClInclude Include="GameLib\system.h" />
    <ClInclude Include="GameLib\texture.h" />
    <ClInclude Include="GameLib\util.h" />
    <ClInclude Include="GameLib\vector.h" />
    <ClInclude Include="GameLib\view_settings.h" />
    <ClInclude Include="SourceCode\all.h" />
    <ClInclude Include="SourceCode\audio.h" />
    <ClInclude Include="SourceCode\avalanche.h" />
    <ClInclude Include="SourceCode\common.h" />
    <ClInclude Include="SourceCode\enemy.h" />
    <ClInclude Include="SourceCode\flag.h" />
    <ClInclude Include="SourceCode\judge.h" />
    <ClInclude Include="SourceCode\obj2d.h" />
    <ClInclude Include="SourceCode\obstacle.h" />
    <ClInclude Include="SourceCode\player.h" />
    <ClInclude Include="SourceCode\scene_game.h" />
    <ClInclude Include="SourceCode\scene_result.h" />
    <ClInclude Include="SourceCode\scene_title.h" />
    <ClInclude Include="SourceCode\senntaku.h" />
    <ClInclude Include="SourceCode\scene_game_E.h" />
    <ClInclude Include="SourceCode\scene_game_T.h" />
    <ClInclude Include="SourceCode\scene_game_N.h" />
  </ItemGroup>
</Project>